<?xml version="1.0" encoding="utf-8"?>
<Project ToolsVersion="4.0" xmlns="http://schemas.microsoft.com/developer/msbuild/2003">
  <ItemGroup>
    <ClCompile Include="AssetManager.cpp" />
    <ClCompile Include="CollisionDetection.cpp" />
    <ClCompile Include="Debug.cpp" />
    <ClCompile Include="GameClient.cpp" />
    <ClCompile Include="GameObject.cpp" />
    <ClCompile Include="GameObjectGenerator.cpp" />
    <ClCompile Include="GameServer.cpp" />
    <ClCompile Include="GameWorld.cpp" />
    <ClCompile Include="NavigationGrid.cpp" />
    <ClCompile Include="NavigationMesh.cpp" />
    <ClCompile Include="NetworkBase.cpp" />
    <ClCompile Include="NetworkObject.cpp" />
    <ClCompile Include="NetworkState.cpp" />
    <ClCompile Include="PhysicsObject.cpp" />
    <ClCompile Include="PhysicsSystem.cpp" />
    <ClCompile Include="PushdownMachine.cpp" />
    <ClCompile Include="QuadTree.cpp" />
    <ClCompile Include="RenderObject.cpp" />
    <ClCompile Include="StateMachine.cpp" />
    <ClCompile Include="StateTransition.cpp" />
    <ClCompile Include="Transform.cpp" />
    <ClCompile Include="AssimpHelper.cpp" />
    <ClCompile Include="PhysicsXObject.cpp" />
    <ClCompile Include="PhysicsXSystem.cpp" />
  </ItemGroup>
  <ItemGroup>
    <ClInclude Include="AABBVolume.h" />
    <ClInclude Include="AssetManager.h" />
    <ClInclude Include="CapsuleVolume.h" />
    <ClInclude Include="GameObjectGenerator.h" />
    <ClInclude Include="NavigationGrid.h" />
    <ClInclude Include="NavigationMap.h" />
    <ClInclude Include="NavigationMesh.h" />
    <ClInclude Include="NavigationPath.h" />
    <ClInclude Include="OBBVolume.h" />
    <ClInclude Include="SphereVolume.h" />
    <ClInclude Include="CollisionVolume.h" />
    <ClInclude Include="CollisionDetection.h" />
    <ClInclude Include="Constraint.h" />
    <ClInclude Include="Debug.h" />
    <ClInclude Include="GameObject.h" />
    <ClInclude Include="GameWorld.h" />
    <ClInclude Include="PhysicsObject.h" />
    <ClInclude Include="PhysicsSystem.h" />
    <ClInclude Include="PushdownMachine.h" />
    <ClInclude Include="PushdownState.h" />
    <ClInclude Include="QuadTree.h" />
    <ClInclude Include="Ray.h" />
    <ClInclude Include="RenderObject.h" />
    <ClInclude Include="State.h" />
    <ClInclude Include="StateMachine.h" />
    <ClInclude Include="StateTransition.h" />
    <ClInclude Include="Transform.h" />
  </ItemGroup>
  <ItemGroup>
    <ClCompile Include="GameWorld.cpp">
      <Filter>Source Files</Filter>
    </ClCompile>
    <ClCompile Include="GameObject.cpp">
      <Filter>Source Files</Filter>
    </ClCompile>
    <ClCompile Include="Transform.cpp">
      <Filter>Source Files</Filter>
    </ClCompile>
    <ClCompile Include="CollisionDetection.cpp">
      <Filter>CollisionDetection</Filter>
    </ClCompile>
    <ClCompile Include="PhysicsObject.cpp">
      <Filter>Physics</Filter>
    </ClCompile>
    <ClCompile Include="RenderObject.cpp">
      <Filter>Source Files</Filter>
    </ClCompile>
    <ClCompile Include="StateMachine.cpp">
      <Filter>AI</Filter>
    </ClCompile>
    <ClCompile Include="StateTransition.cpp">
      <Filter>AI</Filter>
    </ClCompile>
    <ClCompile Include="PushdownMachine.cpp">
      <Filter>AI</Filter>
    </ClCompile>
    <ClCompile Include="Debug.cpp">
      <Filter>Source Files</Filter>
    </ClCompile>
    <ClCompile Include="PhysicsSystem.cpp">
      <Filter>Physics</Filter>
    </ClCompile>
    <ClCompile Include="NavigationGrid.cpp">
      <Filter>Pathfinding</Filter>
    </ClCompile>
    <ClCompile Include="NavigationMesh.cpp">
      <Filter>Pathfinding</Filter>
    </ClCompile>
    <ClCompile Include="QuadTree.cpp">
      <Filter>CollisionDetection</Filter>
    </ClCompile>
    <ClCompile Include="GameObjectGenerator.cpp">
      <Filter>Source Files</Filter>
    </ClCompile>
    <ClCompile Include="AssetManager.cpp">
      <Filter>Source Files</Filter>
    </ClCompile>
    <ClInclude Include="AABBVolume.h" />
    <ClInclude Include="AssetManager.h" />
    <ClInclude Include="CapsuleVolume.h" />
    <ClInclude Include="GameClient.h" />
    <ClInclude Include="GameObjectGenerator.h" />
    <ClInclude Include="GameServer.h" />
    <ClInclude Include="NavigationGrid.h" />
    <ClInclude Include="NavigationMap.h" />
    <ClInclude Include="NavigationMesh.h" />
    <ClInclude Include="NavigationPath.h" />
    <ClInclude Include="NetworkBase.h" />
    <ClInclude Include="NetworkObject.h" />
    <ClInclude Include="NetworkState.h" />
    <ClInclude Include="OBBVolume.h" />
    <ClInclude Include="SphereVolume.h" />
    <ClInclude Include="CollisionVolume.h" />
    <ClInclude Include="CollisionDetection.h" />
    <ClInclude Include="Constraint.h" />
    <ClInclude Include="Debug.h" />
    <ClInclude Include="GameObject.h" />
    <ClInclude Include="GameWorld.h" />
    <ClInclude Include="PhysicsObject.h" />
    <ClInclude Include="PhysicsSystem.h" />
    <ClInclude Include="PushdownMachine.h" />
    <ClInclude Include="PushdownState.h" />
    <ClInclude Include="QuadTree.h" />
    <ClInclude Include="Ray.h" />
    <ClInclude Include="RenderObject.h" />
    <ClInclude Include="State.h" />
    <ClInclude Include="StateMachine.h" />
    <ClInclude Include="StateTransition.h" />
    <ClInclude Include="Transform.h" />
    <ClInclude Include="AssimpHelper.h" />
    <ClInclude Include="PhysicsXObject.h" />
    <ClInclude Include="PhysicsXSystem.h" />
    <ClInclude Include="PhysXConvert.h" />
  </ItemGroup>
</Project>