<?xml version="1.0" encoding="utf-8"?>
<Project ToolsVersion="4.0" xmlns="http://schemas.microsoft.com/developer/msbuild/2003">
  <ItemGroup>
    <ClCompile Include="ShaderManager.cpp" />
    <ClCompile Include="Assets.cpp" />
    <ClCompile Include="Camera.cpp" />
    <ClCompile Include="ControllerInput.cpp" />
    <ClCompile Include="GameTimer.cpp" />
    <ClCompile Include="InputBase.cpp" />
    <ClCompile Include="Keyboard.cpp" />
    <ClCompile Include="Maths.cpp" />
    <ClCompile Include="Matrix2.cpp" />
    <ClCompile Include="Matrix3.cpp" />
    <ClCompile Include="Matrix4.cpp" />
    <ClCompile Include="MeshAnimation.cpp" />
    <ClCompile Include="MeshGeometry.cpp" />
    <ClCompile Include="MeshMaterial.cpp" />
    <ClCompile Include="Mouse.cpp" />
    <ClCompile Include="MouseAndKeyboardInput.cpp" />
    <ClCompile Include="Plane.cpp" />
    <ClCompile Include="PS4Input.cpp" />
    <ClCompile Include="Quaternion.cpp" />
    <ClCompile Include="ShaderBase.cpp" />
    <ClCompile Include="SimpleFont.cpp" />
    <ClCompile Include="TextureBase.cpp" />
    <ClCompile Include="TextureLoader.cpp" />
    <ClCompile Include="TextureWriter.cpp" />
    <ClCompile Include="UserInterface.cpp" />
    <ClCompile Include="Vector2.cpp" />
    <ClCompile Include="Vector3.cpp" />
    <ClCompile Include="Vector4.cpp" />
    <ClCompile Include="Win32Keyboard.cpp" />
    <ClCompile Include="Win32Mouse.cpp" />
    <ClCompile Include="Win32Window.cpp" />
    <ClCompile Include="Window.cpp" />
  </ItemGroup>
  <ItemGroup>
    <ClInclude Include="ShaderManager.h" />
    <ClInclude Include="Camera.h" />
    <ClInclude Include="Assets.h" />
    <ClInclude Include="ControllerInput.h" />
    <ClInclude Include="GameTimer.h" />
    <ClInclude Include="InputBase.h" />
    <ClInclude Include="PS4Input.h" />
    <ClInclude Include="UserController.h" />
    <ClInclude Include="Keyboard.h" />
    <ClInclude Include="Maths.h" />
    <ClInclude Include="Matrix2.h" />
    <ClInclude Include="Matrix3.h" />
    <ClInclude Include="Matrix4.h" />
    <ClInclude Include="MeshAnimation.h" />
    <ClInclude Include="MeshGeometry.h" />
    <ClInclude Include="MeshMaterial.h" />
    <ClInclude Include="Mouse.h" />
    <ClInclude Include="MouseAndKeyboardInput.h" />
    <ClInclude Include="Plane.h" />
    <ClInclude Include="Quaternion.h" />
    <ClInclude Include="RendererBase.h" />
    <ClInclude Include="ShaderBase.h" />
    <ClInclude Include="SimpleFont.h" />
    <ClInclude Include="TextureBase.h" />
    <ClInclude Include="TextureLoader.h" />
    <ClInclude Include="TextureWriter.h" />
    <ClInclude Include="UserInterface.h" />
    <ClInclude Include="Vector2.h" />
    <ClInclude Include="Vector3.h" />
    <ClInclude Include="Vector4.h" />
    <ClInclude Include="Win32Keyboard.h" />
    <ClInclude Include="Win32Mouse.h" />
    <ClInclude Include="Win32Window.h" />
    <ClInclude Include="Window.h" />
  </ItemGroup>
</Project>