<?xml version="1.0" encoding="utf-8"?>
<Project ToolsVersion="4.0" xmlns="http://schemas.microsoft.com/developer/msbuild/2003">
  <ItemGroup>
    <ClCompile Include="GameTechRendererOrbis.cpp" />
    <ClCompile Include="GameTechRenderer.cpp" />
    <ClCompile Include="Main.cpp" />
    <ClCompile Include="NetworkedGame.cpp" />
    <ClCompile Include="NetworkPlayer.cpp" />
    <ClCompile Include="TutorialGame.cpp" />
    <ClCompile Include="GameUI.cpp" />
    <ClCompile Include="GameState.cpp" />
    <ClCompile Include="MainMenu.cpp" />
    <ClCompile Include="MainMenuState.cpp" />
    <ClCompile Include="PauseMenu.cpp" />
    <ClCompile Include="YiEventSystem.cpp" />
    <ClCompile Include="TutorialMenu.cpp" />
  </ItemGroup>
  <ItemGroup>
    <ClInclude Include="GameTechRendererOrbis.h" />
    <ClInclude Include="GameTechRenderer.h" />
    <ClInclude Include="NetworkedGame.h" />
    <ClInclude Include="NetworkPlayer.h" />
    <ClInclude Include="TutorialGame.h" />
    <ClInclude Include="GameUI.h" />
    <ClInclude Include="EventSystem.h" />
    <ClInclude Include="GameMenu.h" />
    <ClInclude Include="GameState.h" />
    <ClInclude Include="MainMenu.h" />
    <ClInclude Include="MainMenuState.h" />
    <ClInclude Include="PauseMenu.h" />
    <ClInclude Include="YiEventSystem.h" />
    <ClInclude Include="TutorialMenu.h" />
  </ItemGroup>
  <ItemGroup>
    <WavePsslc Include="..\..\Assets\Shaders\VertexShader.pssl">
      <Filter>Shaders</Filter>
    </WavePsslc>
    <WavePsslc Include="..\..\Assets\Shaders\PixelShader.pssl">
      <Filter>Shaders</Filter>
    </WavePsslc>
  </ItemGroup>
  <ItemGroup>
    <Filter Include="Shaders">
      <UniqueIdentifier>{4fcf7748-e569-4ce4-9aff-77659cba7e75}</UniqueIdentifier>
    </Filter>
  </ItemGroup>
</Project>