<?xml version="1.0" encoding="utf-8"?>
<Project ToolsVersion="4.0" xmlns="http://schemas.microsoft.com/developer/msbuild/2003">
  <ItemGroup>
    <ClCompile Include="GameTechRenderer.cpp" />
    <ClCompile Include="GameUI.cpp" />
    <ClCompile Include="Main.cpp" />
    <ClCompile Include="MainMenu.cpp" />
    <ClCompile Include="GameState.cpp" />
    <ClCompile Include="NetworkedGame.cpp" />
    <ClCompile Include="NetworkPlayer.cpp" />
    <ClCompile Include="TutorialGame.cpp" />
    <ClCompile Include="TutorialMenu.cpp" />
    <ClCompile Include="YiEventSystem.cpp" />
    <ClCompile Include="EndingMenu.cpp" />
    <ClCompile Include="PauseMenu.cpp" />
  </ItemGroup>
  <ItemGroup>
    <ClInclude Include="EventSystem.h" />
    <ClInclude Include="GameMenu.h" />
    <ClInclude Include="GameTechRenderer.h" />
    <ClInclude Include="GameUI.h" />
    <ClInclude Include="MainMenu.h" />
    <ClInclude Include="GameState.h" />
    <ClInclude Include="NetworkedGame.h" />
    <ClInclude Include="NetworkPlayer.h" />
    <ClInclude Include="TutorialGame.h" />
    <ClInclude Include="TutorialMenu.h" />
    <ClInclude Include="YiEventSystem.h" />
    <ClInclude Include="EndingMenu.h" />
    <ClInclude Include="DebugMode.h" />
    <ClInclude Include="PauseMenu.h" />
  </ItemGroup>
</Project>